
Microsoft Visual Studio Solution File, Format Version 12.00
# Visual Studio 14
VisualStudioVersion = 14.0.25420.1
MinimumVisualStudioVersion = 10.0.40219.1
Project("{8BC9CEB8-8B4A-11D0-8D11-00A0C91BC942}") = "DeVos", "DeVos\DeVos.vcxproj", "{7A31CD0F-96AF-471E-BC31-881BB53FD9AE}"
EndProject
Project("{8BC9CEB8-8B4A-11D0-8D11-00A0C91BC942}") = "LASlib", "..\3rdParty\LASlib\LASlib.vcxproj", "{A9BA2F25-EFF5-405A-A246-8C9468DAC5CC}"
EndProject
Project("{8BC9CEB8-8B4A-11D0-8D11-00A0C91BC942}") = "Matrix", "..\3rdParty\Matrix\Matrix.vcxproj", "{6F6F2176-D49F-4D56-AC30-D869A614584A}"
EndProject
Project("{8BC9CEB8-8B4A-11D0-8D11-00A0C91BC942}") = "mlsCore", "mlsCore\mlsCore.vcxproj", "{8D463809-042C-4E20-9B08-3E6C65A2C859}"
EndProject
Global
	GlobalSection(SolutionConfigurationPlatforms) = preSolution
		Debug|x64 = Debug|x64
		Debug|x86 = Debug|x86
		Release|x64 = Release|x64
		Release|x86 = Release|x86
	EndGlobalSection
	GlobalSection(ProjectConfigurationPlatforms) = postSolution
		{7A31CD0F-96AF-471E-BC31-881BB53FD9AE}.Debug|x64.ActiveCfg = Debug|x64
		{7A31CD0F-96AF-471E-BC31-881BB53FD9AE}.Debug|x64.Build.0 = Debug|x64
		{7A31CD0F-96AF-471E-BC31-881BB53FD9AE}.Debug|x86.ActiveCfg = Debug|x64
		{7A31CD0F-96AF-471E-BC31-881BB53FD9AE}.Release|x64.ActiveCfg = Release|x64
		{7A31CD0F-96AF-471E-BC31-881BB53FD9AE}.Release|x64.Build.0 = Release|x64
		{7A31CD0F-96AF-471E-BC31-881BB53FD9AE}.Release|x86.ActiveCfg = Release|x64
		{A9BA2F25-EFF5-405A-A246-8C9468DAC5CC}.Debug|x64.ActiveCfg = Debug|x64
		{A9BA2F25-EFF5-405A-A246-8C9468DAC5CC}.Debug|x64.Build.0 = Debug|x64
		{A9BA2F25-EFF5-405A-A246-8C9468DAC5CC}.Debug|x86.ActiveCfg = Debug|Win32
		{A9BA2F25-EFF5-405A-A246-8C9468DAC5CC}.Debug|x86.Build.0 = Debug|Win32
		{A9BA2F25-EFF5-405A-A246-8C9468DAC5CC}.Release|x64.ActiveCfg = Release|x64
		{A9BA2F25-EFF5-405A-A246-8C9468DAC5CC}.Release|x64.Build.0 = Release|x64
		{A9BA2F25-EFF5-405A-A246-8C9468DAC5CC}.Release|x86.ActiveCfg = Release|Win32
		{A9BA2F25-EFF5-405A-A246-8C9468DAC5CC}.Release|x86.Build.0 = Release|Win32
		{6F6F2176-D49F-4D56-AC30-D869A614584A}.Debug|x64.ActiveCfg = Debug|x64
		{6F6F2176-D49F-4D56-AC30-D869A614584A}.Debug|x64.Build.0 = Debug|x64
		{6F6F2176-D49F-4D56-AC30-D869A614584A}.Debug|x86.ActiveCfg = Debug|Win32
		{6F6F2176-D49F-4D56-AC30-D869A614584A}.Debug|x86.Build.0 = Debug|Win32
		{6F6F2176-D49F-4D56-AC30-D869A614584A}.Release|x64.ActiveCfg = Release|x64
		{6F6F2176-D49F-4D56-AC30-D869A614584A}.Release|x64.Build.0 = Release|x64
		{6F6F2176-D49F-4D56-AC30-D869A614584A}.Release|x86.ActiveCfg = Release|Win32
		{6F6F2176-D49F-4D56-AC30-D869A614584A}.Release|x86.Build.0 = Release|Win32
		{8D463809-042C-4E20-9B08-3E6C65A2C859}.Debug|x64.ActiveCfg = Debug|x64
		{8D463809-042C-4E20-9B08-3E6C65A2C859}.Debug|x64.Build.0 = Debug|x64
		{8D463809-042C-4E20-9B08-3E6C65A2C859}.Debug|x86.ActiveCfg = Debug|Win32
		{8D463809-042C-4E20-9B08-3E6C65A2C859}.Debug|x86.Build.0 = Debug|Win32
		{8D463809-042C-4E20-9B08-3E6C65A2C859}.Release|x64.ActiveCfg = Release|x64
		{8D463809-042C-4E20-9B08-3E6C65A2C859}.Release|x64.Build.0 = Release|x64
		{8D463809-042C-4E20-9B08-3E6C65A2C859}.Release|x86.ActiveCfg = Release|Win32
		{8D463809-042C-4E20-9B08-3E6C65A2C859}.Release|x86.Build.0 = Release|Win32
	EndGlobalSection
	GlobalSection(SolutionProperties) = preSolution
		HideSolutionNode = FALSE
	EndGlobalSection
EndGlobal
